
Microsoft Visual Studio Solution File, Format Version 12.00
Project("{FAE04EC0-301F-11D3-BF4B-00C04F79EFBC}") = "HQTestClient.Web", "HQTestClient.Web\HQTestClient.Web.csproj", "{56BE6A1A-0C3E-4B58-9C97-058F717A6D4F}"
EndProject
Project("{FAE04EC0-301F-11D3-BF4B-00C04F79EFBC}") = "HQTestClient.Infrastructure", "HQTestClient.Infrastructure\HQTestClient.Infrastructure.csproj", "{A757E2FE-5EBE-4734-90FC-BA7158955241}"
EndProject
Project("{FAE04EC0-301F-11D3-BF4B-00C04F79EFBC}") = "HQTestClient.Domain", "HQTestClient.Domain\HQTestClient.Domain.csproj", "{E10C56C6-CD92-4F0D-B0FA-01BA5113FF34}"
EndProject
Global
	GlobalSection(SolutionConfigurationPlatforms) = preSolution
		Debug|Any CPU = Debug|Any CPU
		Release|Any CPU = Release|Any CPU
	EndGlobalSection
	GlobalSection(ProjectConfigurationPlatforms) = postSolution
		{56BE6A1A-0C3E-4B58-9C97-058F717A6D4F}.Debug|Any CPU.ActiveCfg = Debug|Any CPU
		{56BE6A1A-0C3E-4B58-9C97-058F717A6D4F}.Debug|Any CPU.Build.0 = Debug|Any CPU
		{56BE6A1A-0C3E-4B58-9C97-058F717A6D4F}.Release|Any CPU.ActiveCfg = Release|Any CPU
		{56BE6A1A-0C3E-4B58-9C97-058F717A6D4F}.Release|Any CPU.Build.0 = Release|Any CPU
		{A757E2FE-5EBE-4734-90FC-BA7158955241}.Debug|Any CPU.ActiveCfg = Debug|Any CPU
		{A757E2FE-5EBE-4734-90FC-BA7158955241}.Debug|Any CPU.Build.0 = Debug|Any CPU
		{A757E2FE-5EBE-4734-90FC-BA7158955241}.Release|Any CPU.ActiveCfg = Release|Any CPU
		{A757E2FE-5EBE-4734-90FC-BA7158955241}.Release|Any CPU.Build.0 = Release|Any CPU
		{E10C56C6-CD92-4F0D-B0FA-01BA5113FF34}.Debug|Any CPU.ActiveCfg = Debug|Any CPU
		{E10C56C6-CD92-4F0D-B0FA-01BA5113FF34}.Debug|Any CPU.Build.0 = Debug|Any CPU
		{E10C56C6-CD92-4F0D-B0FA-01BA5113FF34}.Release|Any CPU.ActiveCfg = Release|Any CPU
		{E10C56C6-CD92-4F0D-B0FA-01BA5113FF34}.Release|Any CPU.Build.0 = Release|Any CPU
	EndGlobalSection
EndGlobal
